
Microsoft Visual Studio Solution File, Format Version 12.00
# Visual Studio Version 16
VisualStudioVersion = 16.0.29020.237
MinimumVisualStudioVersion = 10.0.40219.1
Project("{FAE04EC0-301F-11D3-BF4B-00C04F79EFBC}") = "SeleniumGridConsole", "SeleniumGridConsole\SeleniumGridConsole.csproj", "{C757392B-0E7C-4166-9594-298348CF8BBB}"
EndProject
Global
	GlobalSection(SolutionConfigurationPlatforms) = preSolution
		Debug|Any CPU = Debug|Any CPU
		Release|Any CPU = Release|Any CPU
	EndGlobalSection
	GlobalSection(ProjectConfigurationPlatforms) = postSolution
		{C757392B-0E7C-4166-9594-298348CF8BBB}.Debug|Any CPU.ActiveCfg = Debug|Any CPU
		{C757392B-0E7C-4166-9594-298348CF8BBB}.Debug|Any CPU.Build.0 = Debug|Any CPU
		{C757392B-0E7C-4166-9594-298348CF8BBB}.Release|Any CPU.ActiveCfg = Release|Any CPU
		{C757392B-0E7C-4166-9594-298348CF8BBB}.Release|Any CPU.Build.0 = Release|Any CPU
	EndGlobalSection
	GlobalSection(SolutionProperties) = preSolution
		HideSolutionNode = FALSE
	EndGlobalSection
	GlobalSection(ExtensibilityGlobals) = postSolution
		SolutionGuid = {E65A84B3-925B-41A0-B268-F9E6D08DB625}
	EndGlobalSection
EndGlobal
